
Microsoft Visual Studio Solution File, Format Version 12.00
# Visual Studio 2013
VisualStudioVersion = 12.0.21005.1
MinimumVisualStudioVersion = 10.0.40219.1
Project("{8BC9CEB8-8B4A-11D0-8D11-00A0C91BC942}") = "USB_Loader_WinUSB", "USB_Loader_WinUSB\USB_Loader_WinUSB.vcxproj", "{A47C0BAB-528E-4321-99AD-CB38DAD72BE8}"
EndProject
Project("{8BC9CEB8-8B4A-11D0-8D11-00A0C91BC942}") = "USB_Loader_libusb", "USB_Loader_libusb\USB_Loader_libusb.vcxproj", "{27F1EA0E-2B04-4794-AF05-65D9896502AB}"
EndProject
Global
	GlobalSection(SolutionConfigurationPlatforms) = preSolution
		build_libusb|Win32 = build_libusb|Win32
		build_winusb|Win32 = build_winusb|Win32
	EndGlobalSection
	GlobalSection(ProjectConfigurationPlatforms) = postSolution
		{A47C0BAB-528E-4321-99AD-CB38DAD72BE8}.build_libusb|Win32.ActiveCfg = build_winusb|Win32
		{A47C0BAB-528E-4321-99AD-CB38DAD72BE8}.build_libusb|Win32.Build.0 = build_winusb|Win32
		{A47C0BAB-528E-4321-99AD-CB38DAD72BE8}.build_winusb|Win32.ActiveCfg = build_winusb|Win32
		{A47C0BAB-528E-4321-99AD-CB38DAD72BE8}.build_winusb|Win32.Build.0 = build_winusb|Win32
		{27F1EA0E-2B04-4794-AF05-65D9896502AB}.build_libusb|Win32.ActiveCfg = build_libusb|Win32
		{27F1EA0E-2B04-4794-AF05-65D9896502AB}.build_libusb|Win32.Build.0 = build_libusb|Win32
		{27F1EA0E-2B04-4794-AF05-65D9896502AB}.build_winusb|Win32.ActiveCfg = build_libusb|Win32
		{27F1EA0E-2B04-4794-AF05-65D9896502AB}.build_winusb|Win32.Build.0 = build_libusb|Win32
	EndGlobalSection
	GlobalSection(SolutionProperties) = preSolution
		HideSolutionNode = FALSE
	EndGlobalSection
EndGlobal
